
Microsoft Visual Studio Solution File, Format Version 12.00
# Visual Studio 15
VisualStudioVersion = 15.0.27428.2011
MinimumVisualStudioVersion = 10.0.40219.1
Project("{FAE04EC0-301F-11D3-BF4B-00C04F79EFBC}") = "33.1.1. Create(parse) IP address from string", "Network\33.1.1. Create(parse) IP address from string.csproj", "{433C93BA-DDDA-4B8B-8655-CD8B01E20FEA}"
EndProject
Project("{2150E333-8FDC-42A3-9474-1A3956D46DE8}") = "IP Address", "IP Address", "{E80BC761-DF78-423A-99FA-72796E9A2C48}"
EndProject
Project("{FAE04EC0-301F-11D3-BF4B-00C04F79EFBC}") = "33.1.2. IPAddress.Loopback", "33.1.2. IPAddress.Loopback\33.1.2. IPAddress.Loopback.csproj", "{9F6AD7BD-F26D-4BCB-A849-B14D8FAE7C07}"
EndProject
Project("{FAE04EC0-301F-11D3-BF4B-00C04F79EFBC}") = "33.1.3. IPAddress.Broadcast", "33.1.3. IPAddress.Broadcast\33.1.3. IPAddress.Broadcast.csproj", "{0BB7C964-7A77-404E-9B14-B9EF2DE1C406}"
EndProject
Project("{FAE04EC0-301F-11D3-BF4B-00C04F79EFBC}") = "33.1.4. IPAddress.Any", "33.1.4. IPAddress.Any\33.1.4. IPAddress.Any.csproj", "{E8B87136-81BC-4603-9849-5DC0C7F95362}"
EndProject
Project("{FAE04EC0-301F-11D3-BF4B-00C04F79EFBC}") = "33.1.5. IPAddress.None", "33.1.5. IPAddress.None\33.1.5. IPAddress.None.csproj", "{7515AF06-4176-44ED-A542-E786FA49B895}"
EndProject
Project("{FAE04EC0-301F-11D3-BF4B-00C04F79EFBC}") = "33.1.6. Is Loopback IP address", "33.1.6. Is Loopback IP address\33.1.6. Is Loopback IP address.csproj", "{EE1CA642-B4F4-4D49-B2C2-B724F33E6770}"
EndProject
Project("{FAE04EC0-301F-11D3-BF4B-00C04F79EFBC}") = "33.1.7. Create IPEndPoint from IPAddress", "33.1.7. Create IPEndPoint from IPAddress\33.1.7. Create IPEndPoint from IPAddress.csproj", "{95CF684C-FAA4-4A73-8207-ADDBA279053F}"
EndProject
Project("{FAE04EC0-301F-11D3-BF4B-00C04F79EFBC}") = "33.1.8. Get Address Family", "33.1.8. Get Address Family\33.1.8. Get Address Family.csproj", "{668E925D-9A8C-4714-83E3-BE468D573996}"
EndProject
Project("{FAE04EC0-301F-11D3-BF4B-00C04F79EFBC}") = "33.1.9. Set Port for an IPEndPoint", "33.1.9. Set Port for an IPEndPoint\33.1.9. Set Port for an IPEndPoint.csproj", "{251D681E-CF56-4DC5-8F15-910C61959B7A}"
EndProject
Project("{FAE04EC0-301F-11D3-BF4B-00C04F79EFBC}") = "IPEndPoint Sınıfı", "IPEndPoint Sınıfı\IPEndPoint Sınıfı.csproj", "{B6B71647-FD02-480B-900F-ACBD8A75FF6C}"
EndProject
Project("{FAE04EC0-301F-11D3-BF4B-00C04F79EFBC}") = "33.1.10. Serialize a SocketAddress", "33.1.10. Serialize a SocketAddress\33.1.10. Serialize a SocketAddress.csproj", "{8D9CE9F4-4D1D-4DC9-97A3-D57A7B61F3C4}"
EndProject
Project("{FAE04EC0-301F-11D3-BF4B-00C04F79EFBC}") = "33.1.11. MinPort and MaxPort", "33.1.11. MinPort and MaxPort\33.1.11. MinPort and MaxPort.csproj", "{D2E9858E-A2CE-462D-A61F-433F42870C53}"
EndProject
Project("{FAE04EC0-301F-11D3-BF4B-00C04F79EFBC}") = "33.1.12. Get Alias from IPHostEntry", "33.1.12. Get Alias from IPHostEntry\33.1.12. Get Alias from IPHostEntry.csproj", "{5E08A721-16BC-47AC-A595-6ACEE17911B6}"
EndProject
Project("{FAE04EC0-301F-11D3-BF4B-00C04F79EFBC}") = "33.1.13. IPAddress.HostToNetworkOrder", "33.1.13. IPAddress.HostToNetworkOrder\33.1.13. IPAddress.HostToNetworkOrder.csproj", "{7CA9B1D6-D8A5-4F44-9C1F-CCE1D582C2DA}"
EndProject
Project("{2150E333-8FDC-42A3-9474-1A3956D46DE8}") = "DNS", "DNS", "{66A8C3E6-0226-43EC-8242-0CCB2E9ECDFD}"
EndProject
Project("{FAE04EC0-301F-11D3-BF4B-00C04F79EFBC}") = "33.2.1. DNS Name and Its IPHostEntry", "33.2.1. DNS Name and Its IPHostEntry\33.2.1. DNS Name and Its IPHostEntry.csproj", "{199F22FE-44F9-4656-95E9-59905AD50E0A}"
EndProject
Project("{FAE04EC0-301F-11D3-BF4B-00C04F79EFBC}") = "33.2.2. Get DNS host name", "33.2.2. Get DNS host name\33.2.2. Get DNS host name.csproj", "{FBA17929-BD1E-45EE-A348-B683FF4EC920}"
EndProject
Project("{FAE04EC0-301F-11D3-BF4B-00C04F79EFBC}") = "33.2.3. Get IP address from host name", "33.2.3. Get IP address from host name\33.2.3. Get IP address from host name.csproj", "{31A05EDA-1974-4435-B0E1-D7BA8C07D32F}"
EndProject
Project("{FAE04EC0-301F-11D3-BF4B-00C04F79EFBC}") = "33.2.4. Get Host by IP address", "33.2.4. Get Host by IP address\33.2.4. Get Host by IP address.csproj", "{5CAB41A1-800C-4E24-B744-38E20E581191}"
EndProject
Project("{FAE04EC0-301F-11D3-BF4B-00C04F79EFBC}") = "Better Data Receiver", "Better Data Receiver\Better Data Receiver.csproj", "{7BD368D3-FA66-47D4-A49D-83A030710867}"
EndProject
Project("{FAE04EC0-301F-11D3-BF4B-00C04F79EFBC}") = "Better Data Sender", "Better Data Sender\Better Data Sender.csproj", "{42EE80C9-86C6-43C1-9503-B3F807327464}"
EndProject
Project("{2150E333-8FDC-42A3-9474-1A3956D46DE8}") = "Stream", "Stream", "{618F97AA-D685-48F3-8A57-94BA209B60AA}"
EndProject
Project("{FAE04EC0-301F-11D3-BF4B-00C04F79EFBC}") = "15.25.1. Demonstrate MemoryStream", "15.25.1. Demonstrate MemoryStream\15.25.1. Demonstrate MemoryStream.csproj", "{0156CBA5-DB13-40E3-A97E-EEE419B0DF36}"
EndProject
Project("{2150E333-8FDC-42A3-9474-1A3956D46DE8}") = "Memory Stream", "Memory Stream", "{22B43605-E143-4AF9-B1DD-708DAEA31119}"
EndProject
Project("{FAE04EC0-301F-11D3-BF4B-00C04F79EFBC}") = "1. Create a MemoryStream", "1. Create a MemoryStream\1. Create a MemoryStream.csproj", "{8DE94F13-AB57-414E-9677-C615AE660503}"
EndProject
Project("{FAE04EC0-301F-11D3-BF4B-00C04F79EFBC}") = "2. MemoryStream.Write", "MemoryStream.Write\2. MemoryStream.Write.csproj", "{4F6EA7C8-65AE-4A2A-A812-6D9337FE6DEE}"
EndProject
Project("{FAE04EC0-301F-11D3-BF4B-00C04F79EFBC}") = "3. Use MemoryStream and BinaryWriter", "3. Use MemoryStream and BinaryWriter\3. Use MemoryStream and BinaryWriter.csproj", "{1BF343BA-20DC-427C-985B-B65A276127AF}"
EndProject
Project("{FAE04EC0-301F-11D3-BF4B-00C04F79EFBC}") = "4. Use MemoryStream and BinaryReader to convert Byte array to decimal", "4. Use MemoryStream and BinaryReader to convert Byte array to decimal\4. Use MemoryStream and BinaryReader to convert Byte array to decimal.csproj", "{CFD6A460-D896-40F0-B0D7-6F2D665BC5EA}"
EndProject
Project("{FAE04EC0-301F-11D3-BF4B-00C04F79EFBC}") = "5. Deep Copy with MemoryStream", "5. Deep Copy with MemoryStream\5. Deep Copy with MemoryStream.csproj", "{573A77B3-9101-4E5E-A81D-1549F971CD6E}"
EndProject
Project("{FAE04EC0-301F-11D3-BF4B-00C04F79EFBC}") = "6. Memory-Mapped Files", "6. Memory-Mapped Files\6. Memory-Mapped Files.csproj", "{C847BB6A-A127-4BF2-8139-A02B72F068C5}"
EndProject
Project("{FAE04EC0-301F-11D3-BF4B-00C04F79EFBC}") = "7. Deep clone with MemoryStream", "7. Deep clone with MemoryStream\7. Deep clone with MemoryStream.csproj", "{71C114D5-EBD9-47BF-953B-C81909A6E4DF}"
EndProject
Project("{FAE04EC0-301F-11D3-BF4B-00C04F79EFBC}") = "8. Using MemoryStream to Serialize and Desirialize", "8. Using MemoryStream to Serialize and Desirialize\8. Using MemoryStream to Serialize and Desirialize.csproj", "{C7BA78FD-E7A5-4563-BFE5-AB52EEFD7288}"
EndProject
Project("{FAE04EC0-301F-11D3-BF4B-00C04F79EFBC}") = "9. Convert a string into an array of bytes", "9. Convert a string into an array of bytes\9. Convert a string into an array of bytes.csproj", "{464E0D6E-1751-42E1-A6B3-3D278551F9CD}"
EndProject
Global
	GlobalSection(SolutionConfigurationPlatforms) = preSolution
		Debug|Any CPU = Debug|Any CPU
		Release|Any CPU = Release|Any CPU
	EndGlobalSection
	GlobalSection(ProjectConfigurationPlatforms) = postSolution
		{433C93BA-DDDA-4B8B-8655-CD8B01E20FEA}.Debug|Any CPU.ActiveCfg = Debug|Any CPU
		{433C93BA-DDDA-4B8B-8655-CD8B01E20FEA}.Debug|Any CPU.Build.0 = Debug|Any CPU
		{433C93BA-DDDA-4B8B-8655-CD8B01E20FEA}.Release|Any CPU.ActiveCfg = Release|Any CPU
		{433C93BA-DDDA-4B8B-8655-CD8B01E20FEA}.Release|Any CPU.Build.0 = Release|Any CPU
		{9F6AD7BD-F26D-4BCB-A849-B14D8FAE7C07}.Debug|Any CPU.ActiveCfg = Debug|Any CPU
		{9F6AD7BD-F26D-4BCB-A849-B14D8FAE7C07}.Debug|Any CPU.Build.0 = Debug|Any CPU
		{9F6AD7BD-F26D-4BCB-A849-B14D8FAE7C07}.Release|Any CPU.ActiveCfg = Release|Any CPU
		{9F6AD7BD-F26D-4BCB-A849-B14D8FAE7C07}.Release|Any CPU.Build.0 = Release|Any CPU
		{0BB7C964-7A77-404E-9B14-B9EF2DE1C406}.Debug|Any CPU.ActiveCfg = Debug|Any CPU
		{0BB7C964-7A77-404E-9B14-B9EF2DE1C406}.Debug|Any CPU.Build.0 = Debug|Any CPU
		{0BB7C964-7A77-404E-9B14-B9EF2DE1C406}.Release|Any CPU.ActiveCfg = Release|Any CPU
		{0BB7C964-7A77-404E-9B14-B9EF2DE1C406}.Release|Any CPU.Build.0 = Release|Any CPU
		{E8B87136-81BC-4603-9849-5DC0C7F95362}.Debug|Any CPU.ActiveCfg = Debug|Any CPU
		{E8B87136-81BC-4603-9849-5DC0C7F95362}.Debug|Any CPU.Build.0 = Debug|Any CPU
		{E8B87136-81BC-4603-9849-5DC0C7F95362}.Release|Any CPU.ActiveCfg = Release|Any CPU
		{E8B87136-81BC-4603-9849-5DC0C7F95362}.Release|Any CPU.Build.0 = Release|Any CPU
		{7515AF06-4176-44ED-A542-E786FA49B895}.Debug|Any CPU.ActiveCfg = Debug|Any CPU
		{7515AF06-4176-44ED-A542-E786FA49B895}.Debug|Any CPU.Build.0 = Debug|Any CPU
		{7515AF06-4176-44ED-A542-E786FA49B895}.Release|Any CPU.ActiveCfg = Release|Any CPU
		{7515AF06-4176-44ED-A542-E786FA49B895}.Release|Any CPU.Build.0 = Release|Any CPU
		{EE1CA642-B4F4-4D49-B2C2-B724F33E6770}.Debug|Any CPU.ActiveCfg = Debug|Any CPU
		{EE1CA642-B4F4-4D49-B2C2-B724F33E6770}.Debug|Any CPU.Build.0 = Debug|Any CPU
		{EE1CA642-B4F4-4D49-B2C2-B724F33E6770}.Release|Any CPU.ActiveCfg = Release|Any CPU
		{EE1CA642-B4F4-4D49-B2C2-B724F33E6770}.Release|Any CPU.Build.0 = Release|Any CPU
		{95CF684C-FAA4-4A73-8207-ADDBA279053F}.Debug|Any CPU.ActiveCfg = Debug|Any CPU
		{95CF684C-FAA4-4A73-8207-ADDBA279053F}.Debug|Any CPU.Build.0 = Debug|Any CPU
		{95CF684C-FAA4-4A73-8207-ADDBA279053F}.Release|Any CPU.ActiveCfg = Release|Any CPU
		{95CF684C-FAA4-4A73-8207-ADDBA279053F}.Release|Any CPU.Build.0 = Release|Any CPU
		{668E925D-9A8C-4714-83E3-BE468D573996}.Debug|Any CPU.ActiveCfg = Debug|Any CPU
		{668E925D-9A8C-4714-83E3-BE468D573996}.Debug|Any CPU.Build.0 = Debug|Any CPU
		{668E925D-9A8C-4714-83E3-BE468D573996}.Release|Any CPU.ActiveCfg = Release|Any CPU
		{668E925D-9A8C-4714-83E3-BE468D573996}.Release|Any CPU.Build.0 = Release|Any CPU
		{251D681E-CF56-4DC5-8F15-910C61959B7A}.Debug|Any CPU.ActiveCfg = Debug|Any CPU
		{251D681E-CF56-4DC5-8F15-910C61959B7A}.Debug|Any CPU.Build.0 = Debug|Any CPU
		{251D681E-CF56-4DC5-8F15-910C61959B7A}.Release|Any CPU.ActiveCfg = Release|Any CPU
		{251D681E-CF56-4DC5-8F15-910C61959B7A}.Release|Any CPU.Build.0 = Release|Any CPU
		{B6B71647-FD02-480B-900F-ACBD8A75FF6C}.Debug|Any CPU.ActiveCfg = Debug|Any CPU
		{B6B71647-FD02-480B-900F-ACBD8A75FF6C}.Debug|Any CPU.Build.0 = Debug|Any CPU
		{B6B71647-FD02-480B-900F-ACBD8A75FF6C}.Release|Any CPU.ActiveCfg = Release|Any CPU
		{B6B71647-FD02-480B-900F-ACBD8A75FF6C}.Release|Any CPU.Build.0 = Release|Any CPU
		{8D9CE9F4-4D1D-4DC9-97A3-D57A7B61F3C4}.Debug|Any CPU.ActiveCfg = Debug|Any CPU
		{8D9CE9F4-4D1D-4DC9-97A3-D57A7B61F3C4}.Debug|Any CPU.Build.0 = Debug|Any CPU
		{8D9CE9F4-4D1D-4DC9-97A3-D57A7B61F3C4}.Release|Any CPU.ActiveCfg = Release|Any CPU
		{8D9CE9F4-4D1D-4DC9-97A3-D57A7B61F3C4}.Release|Any CPU.Build.0 = Release|Any CPU
		{D2E9858E-A2CE-462D-A61F-433F42870C53}.Debug|Any CPU.ActiveCfg = Debug|Any CPU
		{D2E9858E-A2CE-462D-A61F-433F42870C53}.Debug|Any CPU.Build.0 = Debug|Any CPU
		{D2E9858E-A2CE-462D-A61F-433F42870C53}.Release|Any CPU.ActiveCfg = Release|Any CPU
		{D2E9858E-A2CE-462D-A61F-433F42870C53}.Release|Any CPU.Build.0 = Release|Any CPU
		{5E08A721-16BC-47AC-A595-6ACEE17911B6}.Debug|Any CPU.ActiveCfg = Debug|Any CPU
		{5E08A721-16BC-47AC-A595-6ACEE17911B6}.Debug|Any CPU.Build.0 = Debug|Any CPU
		{5E08A721-16BC-47AC-A595-6ACEE17911B6}.Release|Any CPU.ActiveCfg = Release|Any CPU
		{5E08A721-16BC-47AC-A595-6ACEE17911B6}.Release|Any CPU.Build.0 = Release|Any CPU
		{7CA9B1D6-D8A5-4F44-9C1F-CCE1D582C2DA}.Debug|Any CPU.ActiveCfg = Debug|Any CPU
		{7CA9B1D6-D8A5-4F44-9C1F-CCE1D582C2DA}.Debug|Any CPU.Build.0 = Debug|Any CPU
		{7CA9B1D6-D8A5-4F44-9C1F-CCE1D582C2DA}.Release|Any CPU.ActiveCfg = Release|Any CPU
		{7CA9B1D6-D8A5-4F44-9C1F-CCE1D582C2DA}.Release|Any CPU.Build.0 = Release|Any CPU
		{199F22FE-44F9-4656-95E9-59905AD50E0A}.Debug|Any CPU.ActiveCfg = Debug|Any CPU
		{199F22FE-44F9-4656-95E9-59905AD50E0A}.Debug|Any CPU.Build.0 = Debug|Any CPU
		{199F22FE-44F9-4656-95E9-59905AD50E0A}.Release|Any CPU.ActiveCfg = Release|Any CPU
		{199F22FE-44F9-4656-95E9-59905AD50E0A}.Release|Any CPU.Build.0 = Release|Any CPU
		{FBA17929-BD1E-45EE-A348-B683FF4EC920}.Debug|Any CPU.ActiveCfg = Debug|Any CPU
		{FBA17929-BD1E-45EE-A348-B683FF4EC920}.Debug|Any CPU.Build.0 = Debug|Any CPU
		{FBA17929-BD1E-45EE-A348-B683FF4EC920}.Release|Any CPU.ActiveCfg = Release|Any CPU
		{FBA17929-BD1E-45EE-A348-B683FF4EC920}.Release|Any CPU.Build.0 = Release|Any CPU
		{31A05EDA-1974-4435-B0E1-D7BA8C07D32F}.Debug|Any CPU.ActiveCfg = Debug|Any CPU
		{31A05EDA-1974-4435-B0E1-D7BA8C07D32F}.Debug|Any CPU.Build.0 = Debug|Any CPU
		{31A05EDA-1974-4435-B0E1-D7BA8C07D32F}.Release|Any CPU.ActiveCfg = Release|Any CPU
		{31A05EDA-1974-4435-B0E1-D7BA8C07D32F}.Release|Any CPU.Build.0 = Release|Any CPU
		{5CAB41A1-800C-4E24-B744-38E20E581191}.Debug|Any CPU.ActiveCfg = Debug|Any CPU
		{5CAB41A1-800C-4E24-B744-38E20E581191}.Debug|Any CPU.Build.0 = Debug|Any CPU
		{5CAB41A1-800C-4E24-B744-38E20E581191}.Release|Any CPU.ActiveCfg = Release|Any CPU
		{5CAB41A1-800C-4E24-B744-38E20E581191}.Release|Any CPU.Build.0 = Release|Any CPU
		{7BD368D3-FA66-47D4-A49D-83A030710867}.Debug|Any CPU.ActiveCfg = Debug|Any CPU
		{7BD368D3-FA66-47D4-A49D-83A030710867}.Debug|Any CPU.Build.0 = Debug|Any CPU
		{7BD368D3-FA66-47D4-A49D-83A030710867}.Release|Any CPU.ActiveCfg = Release|Any CPU
		{7BD368D3-FA66-47D4-A49D-83A030710867}.Release|Any CPU.Build.0 = Release|Any CPU
		{42EE80C9-86C6-43C1-9503-B3F807327464}.Debug|Any CPU.ActiveCfg = Debug|Any CPU
		{42EE80C9-86C6-43C1-9503-B3F807327464}.Debug|Any CPU.Build.0 = Debug|Any CPU
		{42EE80C9-86C6-43C1-9503-B3F807327464}.Release|Any CPU.ActiveCfg = Release|Any CPU
		{42EE80C9-86C6-43C1-9503-B3F807327464}.Release|Any CPU.Build.0 = Release|Any CPU
		{0156CBA5-DB13-40E3-A97E-EEE419B0DF36}.Debug|Any CPU.ActiveCfg = Debug|Any CPU
		{0156CBA5-DB13-40E3-A97E-EEE419B0DF36}.Debug|Any CPU.Build.0 = Debug|Any CPU
		{0156CBA5-DB13-40E3-A97E-EEE419B0DF36}.Release|Any CPU.ActiveCfg = Release|Any CPU
		{0156CBA5-DB13-40E3-A97E-EEE419B0DF36}.Release|Any CPU.Build.0 = Release|Any CPU
		{8DE94F13-AB57-414E-9677-C615AE660503}.Debug|Any CPU.ActiveCfg = Debug|Any CPU
		{8DE94F13-AB57-414E-9677-C615AE660503}.Debug|Any CPU.Build.0 = Debug|Any CPU
		{8DE94F13-AB57-414E-9677-C615AE660503}.Release|Any CPU.ActiveCfg = Release|Any CPU
		{8DE94F13-AB57-414E-9677-C615AE660503}.Release|Any CPU.Build.0 = Release|Any CPU
		{4F6EA7C8-65AE-4A2A-A812-6D9337FE6DEE}.Debug|Any CPU.ActiveCfg = Debug|Any CPU
		{4F6EA7C8-65AE-4A2A-A812-6D9337FE6DEE}.Debug|Any CPU.Build.0 = Debug|Any CPU
		{4F6EA7C8-65AE-4A2A-A812-6D9337FE6DEE}.Release|Any CPU.ActiveCfg = Release|Any CPU
		{4F6EA7C8-65AE-4A2A-A812-6D9337FE6DEE}.Release|Any CPU.Build.0 = Release|Any CPU
		{1BF343BA-20DC-427C-985B-B65A276127AF}.Debug|Any CPU.ActiveCfg = Debug|Any CPU
		{1BF343BA-20DC-427C-985B-B65A276127AF}.Debug|Any CPU.Build.0 = Debug|Any CPU
		{1BF343BA-20DC-427C-985B-B65A276127AF}.Release|Any CPU.ActiveCfg = Release|Any CPU
		{1BF343BA-20DC-427C-985B-B65A276127AF}.Release|Any CPU.Build.0 = Release|Any CPU
		{CFD6A460-D896-40F0-B0D7-6F2D665BC5EA}.Debug|Any CPU.ActiveCfg = Debug|Any CPU
		{CFD6A460-D896-40F0-B0D7-6F2D665BC5EA}.Debug|Any CPU.Build.0 = Debug|Any CPU
		{CFD6A460-D896-40F0-B0D7-6F2D665BC5EA}.Release|Any CPU.ActiveCfg = Release|Any CPU
		{CFD6A460-D896-40F0-B0D7-6F2D665BC5EA}.Release|Any CPU.Build.0 = Release|Any CPU
		{573A77B3-9101-4E5E-A81D-1549F971CD6E}.Debug|Any CPU.ActiveCfg = Debug|Any CPU
		{573A77B3-9101-4E5E-A81D-1549F971CD6E}.Debug|Any CPU.Build.0 = Debug|Any CPU
		{573A77B3-9101-4E5E-A81D-1549F971CD6E}.Release|Any CPU.ActiveCfg = Release|Any CPU
		{573A77B3-9101-4E5E-A81D-1549F971CD6E}.Release|Any CPU.Build.0 = Release|Any CPU
		{C847BB6A-A127-4BF2-8139-A02B72F068C5}.Debug|Any CPU.ActiveCfg = Debug|Any CPU
		{C847BB6A-A127-4BF2-8139-A02B72F068C5}.Debug|Any CPU.Build.0 = Debug|Any CPU
		{C847BB6A-A127-4BF2-8139-A02B72F068C5}.Release|Any CPU.ActiveCfg = Release|Any CPU
		{C847BB6A-A127-4BF2-8139-A02B72F068C5}.Release|Any CPU.Build.0 = Release|Any CPU
		{71C114D5-EBD9-47BF-953B-C81909A6E4DF}.Debug|Any CPU.ActiveCfg = Debug|Any CPU
		{71C114D5-EBD9-47BF-953B-C81909A6E4DF}.Debug|Any CPU.Build.0 = Debug|Any CPU
		{71C114D5-EBD9-47BF-953B-C81909A6E4DF}.Release|Any CPU.ActiveCfg = Release|Any CPU
		{71C114D5-EBD9-47BF-953B-C81909A6E4DF}.Release|Any CPU.Build.0 = Release|Any CPU
		{C7BA78FD-E7A5-4563-BFE5-AB52EEFD7288}.Debug|Any CPU.ActiveCfg = Debug|Any CPU
		{C7BA78FD-E7A5-4563-BFE5-AB52EEFD7288}.Debug|Any CPU.Build.0 = Debug|Any CPU
		{C7BA78FD-E7A5-4563-BFE5-AB52EEFD7288}.Release|Any CPU.ActiveCfg = Release|Any CPU
		{C7BA78FD-E7A5-4563-BFE5-AB52EEFD7288}.Release|Any CPU.Build.0 = Release|Any CPU
		{464E0D6E-1751-42E1-A6B3-3D278551F9CD}.Debug|Any CPU.ActiveCfg = Debug|Any CPU
		{464E0D6E-1751-42E1-A6B3-3D278551F9CD}.Debug|Any CPU.Build.0 = Debug|Any CPU
		{464E0D6E-1751-42E1-A6B3-3D278551F9CD}.Release|Any CPU.ActiveCfg = Release|Any CPU
		{464E0D6E-1751-42E1-A6B3-3D278551F9CD}.Release|Any CPU.Build.0 = Release|Any CPU
	EndGlobalSection
	GlobalSection(SolutionProperties) = preSolution
		HideSolutionNode = FALSE
	EndGlobalSection
	GlobalSection(NestedProjects) = preSolution
		{433C93BA-DDDA-4B8B-8655-CD8B01E20FEA} = {E80BC761-DF78-423A-99FA-72796E9A2C48}
		{9F6AD7BD-F26D-4BCB-A849-B14D8FAE7C07} = {E80BC761-DF78-423A-99FA-72796E9A2C48}
		{0BB7C964-7A77-404E-9B14-B9EF2DE1C406} = {E80BC761-DF78-423A-99FA-72796E9A2C48}
		{E8B87136-81BC-4603-9849-5DC0C7F95362} = {E80BC761-DF78-423A-99FA-72796E9A2C48}
		{7515AF06-4176-44ED-A542-E786FA49B895} = {E80BC761-DF78-423A-99FA-72796E9A2C48}
		{EE1CA642-B4F4-4D49-B2C2-B724F33E6770} = {E80BC761-DF78-423A-99FA-72796E9A2C48}
		{95CF684C-FAA4-4A73-8207-ADDBA279053F} = {E80BC761-DF78-423A-99FA-72796E9A2C48}
		{668E925D-9A8C-4714-83E3-BE468D573996} = {E80BC761-DF78-423A-99FA-72796E9A2C48}
		{251D681E-CF56-4DC5-8F15-910C61959B7A} = {E80BC761-DF78-423A-99FA-72796E9A2C48}
		{8D9CE9F4-4D1D-4DC9-97A3-D57A7B61F3C4} = {E80BC761-DF78-423A-99FA-72796E9A2C48}
		{D2E9858E-A2CE-462D-A61F-433F42870C53} = {E80BC761-DF78-423A-99FA-72796E9A2C48}
		{5E08A721-16BC-47AC-A595-6ACEE17911B6} = {E80BC761-DF78-423A-99FA-72796E9A2C48}
		{7CA9B1D6-D8A5-4F44-9C1F-CCE1D582C2DA} = {E80BC761-DF78-423A-99FA-72796E9A2C48}
		{199F22FE-44F9-4656-95E9-59905AD50E0A} = {66A8C3E6-0226-43EC-8242-0CCB2E9ECDFD}
		{FBA17929-BD1E-45EE-A348-B683FF4EC920} = {66A8C3E6-0226-43EC-8242-0CCB2E9ECDFD}
		{31A05EDA-1974-4435-B0E1-D7BA8C07D32F} = {66A8C3E6-0226-43EC-8242-0CCB2E9ECDFD}
		{5CAB41A1-800C-4E24-B744-38E20E581191} = {66A8C3E6-0226-43EC-8242-0CCB2E9ECDFD}
		{0156CBA5-DB13-40E3-A97E-EEE419B0DF36} = {618F97AA-D685-48F3-8A57-94BA209B60AA}
		{22B43605-E143-4AF9-B1DD-708DAEA31119} = {618F97AA-D685-48F3-8A57-94BA209B60AA}
		{8DE94F13-AB57-414E-9677-C615AE660503} = {22B43605-E143-4AF9-B1DD-708DAEA31119}
		{4F6EA7C8-65AE-4A2A-A812-6D9337FE6DEE} = {22B43605-E143-4AF9-B1DD-708DAEA31119}
		{1BF343BA-20DC-427C-985B-B65A276127AF} = {22B43605-E143-4AF9-B1DD-708DAEA31119}
		{CFD6A460-D896-40F0-B0D7-6F2D665BC5EA} = {22B43605-E143-4AF9-B1DD-708DAEA31119}
		{573A77B3-9101-4E5E-A81D-1549F971CD6E} = {22B43605-E143-4AF9-B1DD-708DAEA31119}
		{C847BB6A-A127-4BF2-8139-A02B72F068C5} = {22B43605-E143-4AF9-B1DD-708DAEA31119}
		{71C114D5-EBD9-47BF-953B-C81909A6E4DF} = {22B43605-E143-4AF9-B1DD-708DAEA31119}
		{C7BA78FD-E7A5-4563-BFE5-AB52EEFD7288} = {22B43605-E143-4AF9-B1DD-708DAEA31119}
		{464E0D6E-1751-42E1-A6B3-3D278551F9CD} = {22B43605-E143-4AF9-B1DD-708DAEA31119}
	EndGlobalSection
	GlobalSection(ExtensibilityGlobals) = postSolution
		SolutionGuid = {DF3A1F22-B9E9-4137-9DD2-99E0A39FB330}
	EndGlobalSection
EndGlobal
